
Microsoft Visual Studio Solution File, Format Version 12.00
# Visual Studio Version 17
VisualStudioVersion = 17.0.31410.414
MinimumVisualStudioVersion = 10.0.40219.1
Project("{FAE04EC0-301F-11D3-BF4B-00C04F79EFBC}") = "MyDictionary", "MyDictionary\MyDictionary.csproj", "{5A074156-E161-4965-B7E4-ADB73B7DA3B6}"
EndProject
Project("{FAE04EC0-301F-11D3-BF4B-00C04F79EFBC}") = "MyDictionary.Tests", "MyDictionary.Tests\MyDictionary.Tests.csproj", "{5E431725-FC71-4903-A5DC-8192FEF6F65A}"
EndProject
Global
	GlobalSection(SolutionConfigurationPlatforms) = preSolution
		Debug|Any CPU = Debug|Any CPU
		Release|Any CPU = Release|Any CPU
	EndGlobalSection
	GlobalSection(ProjectConfigurationPlatforms) = postSolution
		{5A074156-E161-4965-B7E4-ADB73B7DA3B6}.Debug|Any CPU.ActiveCfg = Debug|Any CPU
		{5A074156-E161-4965-B7E4-ADB73B7DA3B6}.Debug|Any CPU.Build.0 = Debug|Any CPU
		{5A074156-E161-4965-B7E4-ADB73B7DA3B6}.Release|Any CPU.ActiveCfg = Release|Any CPU
		{5A074156-E161-4965-B7E4-ADB73B7DA3B6}.Release|Any CPU.Build.0 = Release|Any CPU
		{5E431725-FC71-4903-A5DC-8192FEF6F65A}.Debug|Any CPU.ActiveCfg = Debug|Any CPU
		{5E431725-FC71-4903-A5DC-8192FEF6F65A}.Debug|Any CPU.Build.0 = Debug|Any CPU
		{5E431725-FC71-4903-A5DC-8192FEF6F65A}.Release|Any CPU.ActiveCfg = Release|Any CPU
		{5E431725-FC71-4903-A5DC-8192FEF6F65A}.Release|Any CPU.Build.0 = Release|Any CPU
	EndGlobalSection
	GlobalSection(SolutionProperties) = preSolution
		HideSolutionNode = FALSE
	EndGlobalSection
	GlobalSection(ExtensibilityGlobals) = postSolution
		SolutionGuid = {4F698B41-9A6E-4001-BF0F-26D2B1550D52}
	EndGlobalSection
EndGlobal
